
Microsoft Visual Studio Solution File, Format Version 12.00
# Visual Studio 15
VisualStudioVersion = 15.0.27703.2047
MinimumVisualStudioVersion = 10.0.40219.1
Project("{00D1A9C2-B5F0-4AF3-8072-F6C62B433612}") = "AirlinesDatabase", "AirlinesDatabase\AirlinesDatabase.sqlproj", "{86E7DF95-C2C1-4852-84CD-B01C6B5574C4}"
EndProject
Global
	GlobalSection(SolutionConfigurationPlatforms) = preSolution
		Debug|Any CPU = Debug|Any CPU
		Release|Any CPU = Release|Any CPU
	EndGlobalSection
	GlobalSection(ProjectConfigurationPlatforms) = postSolution
		{86E7DF95-C2C1-4852-84CD-B01C6B5574C4}.Debug|Any CPU.ActiveCfg = Debug|Any CPU
		{86E7DF95-C2C1-4852-84CD-B01C6B5574C4}.Debug|Any CPU.Build.0 = Debug|Any CPU
		{86E7DF95-C2C1-4852-84CD-B01C6B5574C4}.Debug|Any CPU.Deploy.0 = Debug|Any CPU
		{86E7DF95-C2C1-4852-84CD-B01C6B5574C4}.Release|Any CPU.ActiveCfg = Release|Any CPU
		{86E7DF95-C2C1-4852-84CD-B01C6B5574C4}.Release|Any CPU.Build.0 = Release|Any CPU
		{86E7DF95-C2C1-4852-84CD-B01C6B5574C4}.Release|Any CPU.Deploy.0 = Release|Any CPU
	EndGlobalSection
	GlobalSection(SolutionProperties) = preSolution
		HideSolutionNode = FALSE
	EndGlobalSection
	GlobalSection(ExtensibilityGlobals) = postSolution
		SolutionGuid = {9F3E6434-EBC5-4BC4-AC1F-39E02771C913}
	EndGlobalSection
EndGlobal
